// !$*UTF8*$!
{
	archiveVersion = 1;
	classes = {
	};
	objectVersion = 50;
	objects = {

/* Begin PBXBuildFile section */
		3E5325B327677C3500036065 /* main.swift in Sources */ = {isa = PBXBuildFile; fileRef = 3E5325B227677C3500036065 /* main.swift */; };
		3E5325BA27677C6600036065 /* SimpleFactory.swift in Sources */ = {isa = PBXBuildFile; fileRef = 3E5325B927677C6600036065 /* SimpleFactory.swift */; };
		3E5325BC27677CE000036065 /* Adapter.swift in Sources */ = {isa = PBXBuildFile; fileRef = 3E5325BB27677CE000036065 /* Adapter.swift */; };
		3E5325BE27677D0F00036065 /* Singleton.swift in Sources */ = {isa = PBXBuildFile; fileRef = 3E5325BD27677D0F00036065 /* Singleton.swift */; };
		3E5325C0276780CB00036065 /* FactoryMethod.swift in Sources */ = {isa = PBXBuildFile; fileRef = 3E5325BF276780CB00036065 /* FactoryMethod.swift */; };
		3E5325C2276785AA00036065 /* Facade.swift in Sources */ = {isa = PBXBuildFile; fileRef = 3E5325C1276785AA00036065 /* Facade.swift */; };
		3E5325C4276798A800036065 /* AbstractFactory.swift in Sources */ = {isa = PBXBuildFile; fileRef = 3E5325C3276798A800036065 /* AbstractFactory.swift */; };
/* End PBXBuildFile section */

/* Begin PBXCopyFilesBuildPhase section */
		3E5325AD27677C3500036065 /* CopyFiles */ = {
			isa = PBXCopyFilesBuildPhase;
			buildActionMask = 2147483647;
			dstPath = /usr/share/man/man1/;
			dstSubfolderSpec = 0;
			files = (
			);
			runOnlyForDeploymentPostprocessing = 1;
		};
/* End PBXCopyFilesBuildPhase section */

/* Begin PBXFileReference section */
		3E5325AF27677C3500036065 /* design_pattern_with_swift */ = {isa = PBXFileReference; explicitFileType = "compiled.mach-o.executable"; includeInIndex = 0; path = design_pattern_with_swift; sourceTree = BUILT_PRODUCTS_DIR; };
		3E5325B227677C3500036065 /* main.swift */ = {isa = PBXFileReference; lastKnownFileType = sourcecode.swift; path = main.swift; sourceTree = "<group>"; };
		3E5325B927677C6600036065 /* SimpleFactory.swift */ = {isa = PBXFileReference; lastKnownFileType = sourcecode.swift; path = SimpleFactory.swift; sourceTree = "<group>"; };
		3E5325BB27677CE000036065 /* Adapter.swift */ = {isa = PBXFileReference; lastKnownFileType = sourcecode.swift; path = Adapter.swift; sourceTree = "<group>"; };
		3E5325BD27677D0F00036065 /* Singleton.swift */ = {isa = PBXFileReference; lastKnownFileType = sourcecode.swift; path = Singleton.swift; sourceTree = "<group>"; };
		3E5325BF276780CB00036065 /* FactoryMethod.swift */ = {isa = PBXFileReference; lastKnownFileType = sourcecode.swift; path = FactoryMethod.swift; sourceTree = "<group>"; };
		3E5325C1276785AA00036065 /* Facade.swift */ = {isa = PBXFileReference; lastKnownFileType = sourcecode.swift; path = Facade.swift; sourceTree = "<group>"; };
		3E5325C3276798A800036065 /* AbstractFactory.swift */ = {isa = PBXFileReference; lastKnownFileType = sourcecode.swift; path = AbstractFactory.swift; sourceTree = "<group>"; };
/* End PBXFileReference section */

/* Begin PBXFrameworksBuildPhase section */
		3E5325AC27677C3500036065 /* Frameworks */ = {
			isa = PBXFrameworksBuildPhase;
			buildActionMask = 2147483647;
			files = (
			);
			runOnlyForDeploymentPostprocessing = 0;
		};
/* End PBXFrameworksBuildPhase section */

/* Begin PBXGroup section */
		3E5325A627677C3500036065 = {
			isa = PBXGroup;
			children = (
				3E5325B127677C3500036065 /* design_pattern_with_swift */,
				3E5325B027677C3500036065 /* Products */,
			);
			sourceTree = "<group>";
		};
		3E5325B027677C3500036065 /* Products */ = {
			isa = PBXGroup;
			children = (
				3E5325AF27677C3500036065 /* design_pattern_with_swift */,
			);
			name = Products;
			sourceTree = "<group>";
		};
		3E5325B127677C3500036065 /* design_pattern_with_swift */ = {
			isa = PBXGroup;
			children = (
				3E5325B227677C3500036065 /* main.swift */,
				3E5325B927677C6600036065 /* SimpleFactory.swift */,
				3E5325BB27677CE000036065 /* Adapter.swift */,
				3E5325BD27677D0F00036065 /* Singleton.swift */,
				3E5325BF276780CB00036065 /* FactoryMethod.swift */,
				3E5325C1276785AA00036065 /* Facade.swift */,
				3E5325C3276798A800036065 /* AbstractFactory.swift */,
			);
			path = design_pattern_with_swift;
			sourceTree = "<group>";
		};
/* End PBXGroup section */

/* Begin PBXNativeTarget section */
		3E5325AE27677C3500036065 /* design_pattern_with_swift */ = {
			isa = PBXNativeTarget;
			buildConfigurationList = 3E5325B627677C3500036065 /* Build configuration list for PBXNativeTarget "design_pattern_with_swift" */;
			buildPhases = (
				3E5325AB27677C3500036065 /* Sources */,
				3E5325AC27677C3500036065 /* Frameworks */,
				3E5325AD27677C3500036065 /* CopyFiles */,
			);
			buildRules = (
			);
			dependencies = (
			);
			name = design_pattern_with_swift;
			productName = design_pattern_with_swift;
			productReference = 3E5325AF27677C3500036065 /* design_pattern_with_swift */;
			productType = "com.apple.product-type.tool";
		};
/* End PBXNativeTarget section */

/* Begin PBXProject section */
		3E5325A727677C3500036065 /* Project object */ = {
			isa = PBXProject;
			attributes = {
				LastSwiftUpdateCheck = 1140;
				LastUpgradeCheck = 1140;
				ORGANIZATIONNAME = LJF;
				TargetAttributes = {
					3E5325AE27677C3500036065 = {
						CreatedOnToolsVersion = 11.4.1;
					};
				};
			};
			buildConfigurationList = 3E5325AA27677C3500036065 /* Build configuration list for PBXProject "design_pattern_with_swift" */;
			compatibilityVersion = "Xcode 9.3";
			developmentRegion = en;
			hasScannedForEncodings = 0;
			knownRegions = (
				en,
				Base,
			);
			mainGroup = 3E5325A627677C3500036065;
			productRefGroup = 3E5325B027677C3500036065 /* Products */;
			projectDirPath = "";
			projectRoot = "";
			targets = (
				3E5325AE27677C3500036065 /* design_pattern_with_swift */,
			);
		};
/* End PBXProject section */

/* Begin PBXSourcesBuildPhase section */
		3E5325AB27677C3500036065 /* Sources */ = {
			isa = PBXSourcesBuildPhase;
			buildActionMask = 2147483647;
			files = (
				3E5325BA27677C6600036065 /* SimpleFactory.swift in Sources */,
				3E5325BE27677D0F00036065 /* Singleton.swift in Sources */,
				3E5325BC27677CE000036065 /* Adapter.swift in Sources */,
				3E5325C2276785AA00036065 /* Facade.swift in Sources */,
				3E5325C0276780CB00036065 /* FactoryMethod.swift in Sources */,
				3E5325B327677C3500036065 /* main.swift in Sources */,
				3E5325C4276798A800036065 /* AbstractFactory.swift in Sources */,
			);
			runOnlyForDeploymentPostprocessing = 0;
		};
/* End PBXSourcesBuildPhase section */

/* Begin XCBuildConfiguration section */
		3E5325B427677C3500036065 /* Debug */ = {
			isa = XCBuildConfiguration;
			buildSettings = {
				ALWAYS_SEARCH_USER_PATHS = NO;
				CLANG_ANALYZER_NONNULL = YES;
				CLANG_ANALYZER_NUMBER_OBJECT_CONVERSION = YES_AGGRESSIVE;
				CLANG_CXX_LANGUAGE_STANDARD = "gnu++14";
				CLANG_CXX_LIBRARY = "libc++";
				CLANG_ENABLE_MODULES = YES;
				CLANG_ENABLE_OBJC_ARC = YES;
				CLANG_ENABLE_OBJC_WEAK = YES;
				CLANG_WARN_BLOCK_CAPTURE_AUTORELEASING = YES;
				CLANG_WARN_BOOL_CONVERSION = YES;
				CLANG_WARN_COMMA = YES;
				CLANG_WARN_CONSTANT_CONVERSION = YES;
				CLANG_WARN_DEPRECATED_OBJC_IMPLEMENTATIONS = YES;
				CLANG_WARN_DIRECT_OBJC_ISA_USAGE = YES_ERROR;
				CLANG_WARN_DOCUMENTATION_COMMENTS = YES;
				CLANG_WARN_EMPTY_BODY = YES;
				CLANG_WARN_ENUM_CONVERSION = YES;
				CLANG_WARN_INFINITE_RECURSION = YES;
				CLANG_WARN_INT_CONVERSION = YES;
				CLANG_WARN_NON_LITERAL_NULL_CONVERSION = YES;
				CLANG_WARN_OBJC_IMPLICIT_RETAIN_SELF = YES;
				CLANG_WARN_OBJC_LITERAL_CONVERSION = YES;
				CLANG_WARN_OBJC_ROOT_CLASS = YES_ERROR;
				CLANG_WARN_RANGE_LOOP_ANALYSIS = YES;
				CLANG_WARN_STRICT_PROTOTYPES = YES;
				CLANG_WARN_SUSPICIOUS_MOVE = YES;
				CLANG_WARN_UNGUARDED_AVAILABILITY = YES_AGGRESSIVE;
				CLANG_WARN_UNREACHABLE_CODE = YES;
				CLANG_WARN__DUPLICATE_METHOD_MATCH = YES;
				COPY_PHASE_STRIP = NO;
				DEBUG_INFORMATION_FORMAT = dwarf;
				ENABLE_STRICT_OBJC_MSGSEND = YES;
				ENABLE_TESTABILITY = YES;
				GCC_C_LANGUAGE_STANDARD = gnu11;
				GCC_DYNAMIC_NO_PIC = NO;
				GCC_NO_COMMON_BLOCKS = YES;
				GCC_OPTIMIZATION_LEVEL = 0;
				GCC_PREPROCESSOR_DEFINITIONS = (
					"DEBUG=1",
					"$(inherited)",
				);
				GCC_WARN_64_TO_32_BIT_CONVERSION = YES;
				GCC_WARN_ABOUT_RETURN_TYPE = YES_ERROR;
				GCC_WARN_UNDECLARED_SELECTOR = YES;
				GCC_WARN_UNINITIALIZED_AUTOS = YES_AGGRESSIVE;
				GCC_WARN_UNUSED_FUNCTION = YES;
				GCC_WARN_UNUSED_VARIABLE = YES;
				MACOSX_DEPLOYMENT_TARGET = 10.15;
				MTL_ENABLE_DEBUG_INFO = INCLUDE_SOURCE;
				MTL_FAST_MATH = YES;
				ONLY_ACTIVE_ARCH = YES;
				SDKROOT = macosx;
				SWIFT_ACTIVE_COMPILATION_CONDITIONS = DEBUG;
				SWIFT_OPTIMIZATION_LEVEL = "-Onone";
			};
			name = Debug;
		};
		3E5325B527677C3500036065 /* Release */ = {
			isa = XCBuildConfiguration;
			buildSettings = {
				ALWAYS_SEARCH_USER_PATHS = NO;
				CLANG_ANALYZER_NONNULL = YES;
				CLANG_ANALYZER_NUMBER_OBJECT_CONVERSION = YES_AGGRESSIVE;
				CLANG_CXX_LANGUAGE_STANDARD = "gnu++14";
				CLANG_CXX_LIBRARY = "libc++";
				CLANG_ENABLE_MODULES = YES;
				CLANG_ENABLE_OBJC_ARC = YES;
				CLANG_ENABLE_OBJC_WEAK = YES;
				CLANG_WARN_BLOCK_CAPTURE_AUTORELEASING = YES;
				CLANG_WARN_BOOL_CONVERSION = YES;
				CLANG_WARN_COMMA = YES;
				CLANG_WARN_CONSTANT_CONVERSION = YES;
				CLANG_WARN_DEPRECATED_OBJC_IMPLEMENTATIONS = YES;
				CLANG_WARN_DIRECT_OBJC_ISA_USAGE = YES_ERROR;
				CLANG_WARN_DOCUMENTATION_COMMENTS = YES;
				CLANG_WARN_EMPTY_BODY = YES;
				CLANG_WARN_ENUM_CONVERSION = YES;
				CLANG_WARN_INFINITE_RECURSION = YES;
				CLANG_WARN_INT_CONVERSION = YES;
				CLANG_WARN_NON_LITERAL_NULL_CONVERSION = YES;
				CLANG_WARN_OBJC_IMPLICIT_RETAIN_SELF = YES;
				CLANG_WARN_OBJC_LITERAL_CONVERSION = YES;
				CLANG_WARN_OBJC_ROOT_CLASS = YES_ERROR;
				CLANG_WARN_RANGE_LOOP_ANALYSIS = YES;
				CLANG_WARN_STRICT_PROTOTYPES = YES;
				CLANG_WARN_SUSPICIOUS_MOVE = YES;
				CLANG_WARN_UNGUARDED_AVAILABILITY = YES_AGGRESSIVE;
				CLANG_WARN_UNREACHABLE_CODE = YES;
				CLANG_WARN__DUPLICATE_METHOD_MATCH = YES;
				COPY_PHASE_STRIP = NO;
				DEBUG_INFORMATION_FORMAT = "dwarf-with-dsym";
				ENABLE_NS_ASSERTIONS = NO;
				ENABLE_STRICT_OBJC_MSGSEND = YES;
				GCC_C_LANGUAGE_STANDARD = gnu11;
				GCC_NO_COMMON_BLOCKS = YES;
				GCC_WARN_64_TO_32_BIT_CONVERSION = YES;
				GCC_WARN_ABOUT_RETURN_TYPE = YES_ERROR;
				GCC_WARN_UNDECLARED_SELECTOR = YES;
				GCC_WARN_UNINITIALIZED_AUTOS = YES_AGGRESSIVE;
				GCC_WARN_UNUSED_FUNCTION = YES;
				GCC_WARN_UNUSED_VARIABLE = YES;
				MACOSX_DEPLOYMENT_TARGET = 10.15;
				MTL_ENABLE_DEBUG_INFO = NO;
				MTL_FAST_MATH = YES;
				SDKROOT = macosx;
				SWIFT_COMPILATION_MODE = wholemodule;
				SWIFT_OPTIMIZATION_LEVEL = "-O";
			};
			name = Release;
		};
		3E5325B727677C3500036065 /* Debug */ = {
			isa = XCBuildConfiguration;
			buildSettings = {
				CODE_SIGN_STYLE = Automatic;
				PRODUCT_NAME = "$(TARGET_NAME)";
				SWIFT_VERSION = 5.0;
			};
			name = Debug;
		};
		3E5325B827677C3500036065 /* Release */ = {
			isa = XCBuildConfiguration;
			buildSettings = {
				CODE_SIGN_STYLE = Automatic;
				PRODUCT_NAME = "$(TARGET_NAME)";
				SWIFT_VERSION = 5.0;
			};
			name = Release;
		};
/* End XCBuildConfiguration section */

/* Begin XCConfigurationList section */
		3E5325AA27677C3500036065 /* Build configuration list for PBXProject "design_pattern_with_swift" */ = {
			isa = XCConfigurationList;
			buildConfigurations = (
				3E5325B427677C3500036065 /* Debug */,
				3E5325B527677C3500036065 /* Release */,
			);
			defaultConfigurationIsVisible = 0;
			defaultConfigurationName = Release;
		};
		3E5325B627677C3500036065 /* Build configuration list for PBXNativeTarget "design_pattern_with_swift" */ = {
			isa = XCConfigurationList;
			buildConfigurations = (
				3E5325B727677C3500036065 /* Debug */,
				3E5325B827677C3500036065 /* Release */,
			);
			defaultConfigurationIsVisible = 0;
			defaultConfigurationName = Release;
		};
/* End XCConfigurationList section */
	};
	rootObject = 3E5325A727677C3500036065 /* Project object */;
}
